
Microsoft Visual Studio Solution File, Format Version 12.00
# Visual Studio 15
VisualStudioVersion = 15.0.28307.572
MinimumVisualStudioVersion = 10.0.40219.1
Project("{FAE04EC0-301F-11D3-BF4B-00C04F79EFBC}") = "INote.API", "INote.API\INote.API.csproj", "{B8E20900-A1D9-4DF1-A35C-A8C0D5B04F92}"
EndProject
Project("{FAE04EC0-301F-11D3-BF4B-00C04F79EFBC}") = "INote.UI", "INote.UI\INote.UI.csproj", "{67871A55-433D-444E-8DCE-B9F94EC6B0E8}"
EndProject
Global
	GlobalSection(SolutionConfigurationPlatforms) = preSolution
		Debug|Any CPU = Debug|Any CPU
		Release|Any CPU = Release|Any CPU
	EndGlobalSection
	GlobalSection(ProjectConfigurationPlatforms) = postSolution
		{B8E20900-A1D9-4DF1-A35C-A8C0D5B04F92}.Debug|Any CPU.ActiveCfg = Debug|Any CPU
		{B8E20900-A1D9-4DF1-A35C-A8C0D5B04F92}.Debug|Any CPU.Build.0 = Debug|Any CPU
		{B8E20900-A1D9-4DF1-A35C-A8C0D5B04F92}.Release|Any CPU.ActiveCfg = Release|Any CPU
		{B8E20900-A1D9-4DF1-A35C-A8C0D5B04F92}.Release|Any CPU.Build.0 = Release|Any CPU
		{67871A55-433D-444E-8DCE-B9F94EC6B0E8}.Debug|Any CPU.ActiveCfg = Debug|Any CPU
		{67871A55-433D-444E-8DCE-B9F94EC6B0E8}.Debug|Any CPU.Build.0 = Debug|Any CPU
		{67871A55-433D-444E-8DCE-B9F94EC6B0E8}.Release|Any CPU.ActiveCfg = Release|Any CPU
		{67871A55-433D-444E-8DCE-B9F94EC6B0E8}.Release|Any CPU.Build.0 = Release|Any CPU
	EndGlobalSection
	GlobalSection(SolutionProperties) = preSolution
		HideSolutionNode = FALSE
	EndGlobalSection
	GlobalSection(ExtensibilityGlobals) = postSolution
		SolutionGuid = {0FC454BA-28FC-424B-B326-9E7728ACA27D}
	EndGlobalSection
EndGlobal
